
Microsoft Visual Studio Solution File, Format Version 12.00
# Visual Studio Version 17
VisualStudioVersion = 17.1.32228.430
MinimumVisualStudioVersion = 10.0.40219.1
Project("{8BC9CEB8-8B4A-11D0-8D11-00A0C91BC942}") = "TicTacToePlus", "TicTacToePlus\TicTacToePlus.vcxproj", "{0E724AC7-43E6-469D-8CBC-CFD448E520BE}"
EndProject
Global
	GlobalSection(SolutionConfigurationPlatforms) = preSolution
		Debug|x64 = Debug|x64
		Debug|x86 = Debug|x86
		Release|x64 = Release|x64
		Release|x86 = Release|x86
	EndGlobalSection
	GlobalSection(ProjectConfigurationPlatforms) = postSolution
		{0E724AC7-43E6-469D-8CBC-CFD448E520BE}.Debug|x64.ActiveCfg = Debug|x64
		{0E724AC7-43E6-469D-8CBC-CFD448E520BE}.Debug|x64.Build.0 = Debug|x64
		{0E724AC7-43E6-469D-8CBC-CFD448E520BE}.Debug|x86.ActiveCfg = Debug|Win32
		{0E724AC7-43E6-469D-8CBC-CFD448E520BE}.Debug|x86.Build.0 = Debug|Win32
		{0E724AC7-43E6-469D-8CBC-CFD448E520BE}.Release|x64.ActiveCfg = Release|x64
		{0E724AC7-43E6-469D-8CBC-CFD448E520BE}.Release|x64.Build.0 = Release|x64
		{0E724AC7-43E6-469D-8CBC-CFD448E520BE}.Release|x86.ActiveCfg = Release|Win32
		{0E724AC7-43E6-469D-8CBC-CFD448E520BE}.Release|x86.Build.0 = Release|Win32
	EndGlobalSection
	GlobalSection(SolutionProperties) = preSolution
		HideSolutionNode = FALSE
	EndGlobalSection
	GlobalSection(ExtensibilityGlobals) = postSolution
		SolutionGuid = {B1F29A33-F469-4F26-9F1D-9FC39EA90C65}
	EndGlobalSection
EndGlobal
